// !$*UTF8*$!
{
	archiveVersion = 1;
	classes = {
	};
	objectVersion = 50;
	objects = {

/* Begin PBXBuildFile section */
		642BBAFD215C48F5000F32F4 /* bookCell.swift in Sources */ = {isa = PBXBuildFile; fileRef = 642BBAFC215C48F5000F32F4 /* bookCell.swift */; };
		642BBAFF215CD7D2000F32F4 /* BookVC.swift in Sources */ = {isa = PBXBuildFile; fileRef = 642BBAFE215CD7D2000F32F4 /* BookVC.swift */; };
		643B724D219DB5A300DF867F /* fontSettingsView.swift in Sources */ = {isa = PBXBuildFile; fileRef = 643B724C219DB5A300DF867F /* fontSettingsView.swift */; };
		643B7252219F0C3A00DF867F /* popUpRegistrationVC.swift in Sources */ = {isa = PBXBuildFile; fileRef = 643B7251219F0C3A00DF867F /* popUpRegistrationVC.swift */; };
		643B7254219F117500DF867F /* ReadingVC.swift in Sources */ = {isa = PBXBuildFile; fileRef = 643B7253219F117500DF867F /* ReadingVC.swift */; };
		643B7258219F306300DF867F /* Status.swift in Sources */ = {isa = PBXBuildFile; fileRef = 643B7257219F306300DF867F /* Status.swift */; };
		643B725A219F3A7200DF867F /* SignUpVC.swift in Sources */ = {isa = PBXBuildFile; fileRef = 643B7259219F3A7200DF867F /* SignUpVC.swift */; };
		643B725C219F3D2200DF867F /* LoginVC.swift in Sources */ = {isa = PBXBuildFile; fileRef = 643B725B219F3D2200DF867F /* LoginVC.swift */; };
		6480AAA7215D070C00B2EF85 /* chapterCell.swift in Sources */ = {isa = PBXBuildFile; fileRef = 6480AAA6215D070C00B2EF85 /* chapterCell.swift */; };
		6480AAA9215D2D6900B2EF85 /* readerVC.swift in Sources */ = {isa = PBXBuildFile; fileRef = 6480AAA8215D2D6900B2EF85 /* readerVC.swift */; };
		64A1B2E1219CB6820095F6B3 /* popularStoriesCell.swift in Sources */ = {isa = PBXBuildFile; fileRef = 64A1B2E0219CB6810095F6B3 /* popularStoriesCell.swift */; };
		64B99E95215AF0780040E12A /* AppDelegate.swift in Sources */ = {isa = PBXBuildFile; fileRef = 64B99E94215AF0780040E12A /* AppDelegate.swift */; };
		64B99E97215AF0780040E12A /* Discover.swift in Sources */ = {isa = PBXBuildFile; fileRef = 64B99E96215AF0780040E12A /* Discover.swift */; };
		64B99E9C215AF07E0040E12A /* Assets.xcassets in Resources */ = {isa = PBXBuildFile; fileRef = 64B99E9B215AF07E0040E12A /* Assets.xcassets */; };
		64B99E9F215AF07E0040E12A /* LaunchScreen.storyboard in Resources */ = {isa = PBXBuildFile; fileRef = 64B99E9D215AF07E0040E12A /* LaunchScreen.storyboard */; };
		64B99EA7215AF2770040E12A /* GoogleService-Info.plist in Resources */ = {isa = PBXBuildFile; fileRef = 64B99EA6215AF2770040E12A /* GoogleService-Info.plist */; };
		64B99EAA215BB78D0040E12A /* extensions.swift in Sources */ = {isa = PBXBuildFile; fileRef = 64B99EA9215BB78D0040E12A /* extensions.swift */; };
		64B99EAC215BBC610040E12A /* TabBarController.swift in Sources */ = {isa = PBXBuildFile; fileRef = 64B99EAB215BBC610040E12A /* TabBarController.swift */; };
		64B99EB1215BE79C0040E12A /* Structs.swift in Sources */ = {isa = PBXBuildFile; fileRef = 64B99EB0215BE79C0040E12A /* Structs.swift */; };
		64B99EB4215BFD6B0040E12A /* picksCell.swift in Sources */ = {isa = PBXBuildFile; fileRef = 64B99EB3215BFD6B0040E12A /* picksCell.swift */; };
		64B99EB6215C0B450040E12A /* CategoryVC.swift in Sources */ = {isa = PBXBuildFile; fileRef = 64B99EB5215C0B450040E12A /* CategoryVC.swift */; };
		D4C22EC8347F4BB1F74CB972 /* Pods_diis44.framework in Frameworks */ = {isa = PBXBuildFile; fileRef = A677F02A93CE5BF350D0DDE3 /* Pods_diis44.framework */; };
/* End PBXBuildFile section */

/* Begin PBXFileReference section */
		0886936400C234D20A013AE2 /* Pods-diis44.release.xcconfig */ = {isa = PBXFileReference; includeInIndex = 1; lastKnownFileType = text.xcconfig; name = "Pods-diis44.release.xcconfig"; path = "Pods/Target Support Files/Pods-diis44/Pods-diis44.release.xcconfig"; sourceTree = "<group>"; };
		642BBAFC215C48F5000F32F4 /* bookCell.swift */ = {isa = PBXFileReference; lastKnownFileType = sourcecode.swift; path = bookCell.swift; sourceTree = "<group>"; };
		642BBAFE215CD7D2000F32F4 /* BookVC.swift */ = {isa = PBXFileReference; lastKnownFileType = sourcecode.swift; path = BookVC.swift; sourceTree = "<group>"; };
		643B724C219DB5A300DF867F /* fontSettingsView.swift */ = {isa = PBXFileReference; lastKnownFileType = sourcecode.swift; path = fontSettingsView.swift; sourceTree = "<group>"; };
		643B7251219F0C3A00DF867F /* popUpRegistrationVC.swift */ = {isa = PBXFileReference; lastKnownFileType = sourcecode.swift; path = popUpRegistrationVC.swift; sourceTree = "<group>"; };
		643B7253219F117500DF867F /* ReadingVC.swift */ = {isa = PBXFileReference; lastKnownFileType = sourcecode.swift; path = ReadingVC.swift; sourceTree = "<group>"; };
		643B7257219F306300DF867F /* Status.swift */ = {isa = PBXFileReference; lastKnownFileType = sourcecode.swift; path = Status.swift; sourceTree = "<group>"; };
		643B7259219F3A7200DF867F /* SignUpVC.swift */ = {isa = PBXFileReference; lastKnownFileType = sourcecode.swift; path = SignUpVC.swift; sourceTree = "<group>"; };
		643B725B219F3D2200DF867F /* LoginVC.swift */ = {isa = PBXFileReference; lastKnownFileType = sourcecode.swift; path = LoginVC.swift; sourceTree = "<group>"; };
		643B725F219F82A300DF867F /* diis44.entitlements */ = {isa = PBXFileReference; lastKnownFileType = text.plist.entitlements; path = diis44.entitlements; sourceTree = "<group>"; };
		6480AAA6215D070C00B2EF85 /* chapterCell.swift */ = {isa = PBXFileReference; lastKnownFileType = sourcecode.swift; path = chapterCell.swift; sourceTree = "<group>"; };
		6480AAA8215D2D6900B2EF85 /* readerVC.swift */ = {isa = PBXFileReference; lastKnownFileType = sourcecode.swift; path = readerVC.swift; sourceTree = "<group>"; };
		64A1B2E0219CB6810095F6B3 /* popularStoriesCell.swift */ = {isa = PBXFileReference; lastKnownFileType = sourcecode.swift; path = popularStoriesCell.swift; sourceTree = "<group>"; };
		64B99E91215AF0780040E12A /* diis44.app */ = {isa = PBXFileReference; explicitFileType = wrapper.application; includeInIndex = 0; path = diis44.app; sourceTree = BUILT_PRODUCTS_DIR; };
		64B99E94215AF0780040E12A /* AppDelegate.swift */ = {isa = PBXFileReference; lastKnownFileType = sourcecode.swift; path = AppDelegate.swift; sourceTree = "<group>"; };
		64B99E96215AF0780040E12A /* Discover.swift */ = {isa = PBXFileReference; lastKnownFileType = sourcecode.swift; path = Discover.swift; sourceTree = "<group>"; };
		64B99E9B215AF07E0040E12A /* Assets.xcassets */ = {isa = PBXFileReference; lastKnownFileType = folder.assetcatalog; path = Assets.xcassets; sourceTree = "<group>"; };
		64B99E9E215AF07E0040E12A /* Base */ = {isa = PBXFileReference; lastKnownFileType = file.storyboard; name = Base; path = Base.lproj/LaunchScreen.storyboard; sourceTree = "<group>"; };
		64B99EA0215AF07E0040E12A /* Info.plist */ = {isa = PBXFileReference; lastKnownFileType = text.plist.xml; path = Info.plist; sourceTree = "<group>"; };
		64B99EA6215AF2770040E12A /* GoogleService-Info.plist */ = {isa = PBXFileReference; fileEncoding = 4; lastKnownFileType = text.plist.xml; path = "GoogleService-Info.plist"; sourceTree = "<group>"; };
		64B99EA9215BB78D0040E12A /* extensions.swift */ = {isa = PBXFileReference; fileEncoding = 4; lastKnownFileType = sourcecode.swift; path = extensions.swift; sourceTree = "<group>"; };
		64B99EAB215BBC610040E12A /* TabBarController.swift */ = {isa = PBXFileReference; lastKnownFileType = sourcecode.swift; path = TabBarController.swift; sourceTree = "<group>"; };
		64B99EB0215BE79C0040E12A /* Structs.swift */ = {isa = PBXFileReference; lastKnownFileType = sourcecode.swift; path = Structs.swift; sourceTree = "<group>"; };
		64B99EB3215BFD6B0040E12A /* picksCell.swift */ = {isa = PBXFileReference; lastKnownFileType = sourcecode.swift; path = picksCell.swift; sourceTree = "<group>"; };
		64B99EB5215C0B450040E12A /* CategoryVC.swift */ = {isa = PBXFileReference; lastKnownFileType = sourcecode.swift; path = CategoryVC.swift; sourceTree = "<group>"; };
		A677F02A93CE5BF350D0DDE3 /* Pods_diis44.framework */ = {isa = PBXFileReference; explicitFileType = wrapper.framework; includeInIndex = 0; path = Pods_diis44.framework; sourceTree = BUILT_PRODUCTS_DIR; };
		CF3404D7F63899B7AD8B382C /* Pods-diis44.debug.xcconfig */ = {isa = PBXFileReference; includeInIndex = 1; lastKnownFileType = text.xcconfig; name = "Pods-diis44.debug.xcconfig"; path = "Pods/Target Support Files/Pods-diis44/Pods-diis44.debug.xcconfig"; sourceTree = "<group>"; };
/* End PBXFileReference section */

/* Begin PBXFrameworksBuildPhase section */
		64B99E8E215AF0780040E12A /* Frameworks */ = {
			isa = PBXFrameworksBuildPhase;
			buildActionMask = 2147483647;
			files = (
				D4C22EC8347F4BB1F74CB972 /* Pods_diis44.framework in Frameworks */,
			);
			runOnlyForDeploymentPostprocessing = 0;
		};
/* End PBXFrameworksBuildPhase section */

/* Begin PBXGroup section */
		643B724E219DB5AA00DF867F /* Elements */ = {
			isa = PBXGroup;
			children = (
				643B724C219DB5A300DF867F /* fontSettingsView.swift */,
			);
			name = Elements;
			path = "New Group";
			sourceTree = "<group>";
		};
		643B724F219F0B5900DF867F /* Profile */ = {
			isa = PBXGroup;
			children = (
				643B7253219F117500DF867F /* ReadingVC.swift */,
			);
			path = Profile;
			sourceTree = "<group>";
		};
		643B7250219F0BFC00DF867F /* SignUp */ = {
			isa = PBXGroup;
			children = (
				643B7251219F0C3A00DF867F /* popUpRegistrationVC.swift */,
				643B7259219F3A7200DF867F /* SignUpVC.swift */,
				643B725B219F3D2200DF867F /* LoginVC.swift */,
			);
			path = SignUp;
			sourceTree = "<group>";
		};
		64B99E88215AF0780040E12A = {
			isa = PBXGroup;
			children = (
				64B99E93215AF0780040E12A /* diis44 */,
				64B99E92215AF0780040E12A /* Products */,
				65D7A367A60FAFD39687AEF1 /* Pods */,
				D1786B83C46C0E85FB06576E /* Frameworks */,
			);
			sourceTree = "<group>";
		};
		64B99E92215AF0780040E12A /* Products */ = {
			isa = PBXGroup;
			children = (
				64B99E91215AF0780040E12A /* diis44.app */,
			);
			name = Products;
			sourceTree = "<group>";
		};
		64B99E93215AF0780040E12A /* diis44 */ = {
			isa = PBXGroup;
			children = (
				643B725F219F82A300DF867F /* diis44.entitlements */,
				64B99E94215AF0780040E12A /* AppDelegate.swift */,
				64B99EA6215AF2770040E12A /* GoogleService-Info.plist */,
				64B99E9D215AF07E0040E12A /* LaunchScreen.storyboard */,
				64B99EA0215AF07E0040E12A /* Info.plist */,
				64B99E9B215AF07E0040E12A /* Assets.xcassets */,
				64B99EA9215BB78D0040E12A /* extensions.swift */,
				64B99EAF215BE7900040E12A /* M */,
				64B99EA8215AF27F0040E12A /* C */,
			);
			path = diis44;
			sourceTree = "<group>";
		};
		64B99EA8215AF27F0040E12A /* C */ = {
			isa = PBXGroup;
			children = (
				643B7250219F0BFC00DF867F /* SignUp */,
				643B724F219F0B5900DF867F /* Profile */,
				643B724E219DB5AA00DF867F /* Elements */,
				64B99EB2215BFD550040E12A /* Cells */,
				64B99E96215AF0780040E12A /* Discover.swift */,
				64B99EAB215BBC610040E12A /* TabBarController.swift */,
				64B99EB5215C0B450040E12A /* CategoryVC.swift */,
				642BBAFE215CD7D2000F32F4 /* BookVC.swift */,
				6480AAA8215D2D6900B2EF85 /* readerVC.swift */,
			);
			path = C;
			sourceTree = "<group>";
		};
		64B99EAF215BE7900040E12A /* M */ = {
			isa = PBXGroup;
			children = (
				643B7257219F306300DF867F /* Status.swift */,
				64B99EB0215BE79C0040E12A /* Structs.swift */,
			);
			path = M;
			sourceTree = "<group>";
		};
		64B99EB2215BFD550040E12A /* Cells */ = {
			isa = PBXGroup;
			children = (
				64B99EB3215BFD6B0040E12A /* picksCell.swift */,
				64A1B2E0219CB6810095F6B3 /* popularStoriesCell.swift */,
				642BBAFC215C48F5000F32F4 /* bookCell.swift */,
				6480AAA6215D070C00B2EF85 /* chapterCell.swift */,
			);
			path = Cells;
			sourceTree = "<group>";
		};
		65D7A367A60FAFD39687AEF1 /* Pods */ = {
			isa = PBXGroup;
			children = (
				CF3404D7F63899B7AD8B382C /* Pods-diis44.debug.xcconfig */,
				0886936400C234D20A013AE2 /* Pods-diis44.release.xcconfig */,
			);
			name = Pods;
			sourceTree = "<group>";
		};
		D1786B83C46C0E85FB06576E /* Frameworks */ = {
			isa = PBXGroup;
			children = (
				A677F02A93CE5BF350D0DDE3 /* Pods_diis44.framework */,
			);
			name = Frameworks;
			sourceTree = "<group>";
		};
/* End PBXGroup section */

/* Begin PBXNativeTarget section */
		64B99E90215AF0780040E12A /* diis44 */ = {
			isa = PBXNativeTarget;
			buildConfigurationList = 64B99EA3215AF07E0040E12A /* Build configuration list for PBXNativeTarget "diis44" */;
			buildPhases = (
				3CBF3E811B425A6C73C78695 /* [CP] Check Pods Manifest.lock */,
				64B99E8D215AF0780040E12A /* Sources */,
				64B99E8E215AF0780040E12A /* Frameworks */,
				64B99E8F215AF0780040E12A /* Resources */,
				7487FDEE7832F8002383B439 /* [CP] Embed Pods Frameworks */,
			);
			buildRules = (
			);
			dependencies = (
			);
			name = diis44;
			productName = diis44;
			productReference = 64B99E91215AF0780040E12A /* diis44.app */;
			productType = "com.apple.product-type.application";
		};
/* End PBXNativeTarget section */

/* Begin PBXProject section */
		64B99E89215AF0780040E12A /* Project object */ = {
			isa = PBXProject;
			attributes = {
				LastSwiftUpdateCheck = 0940;
				LastUpgradeCheck = 0940;
				ORGANIZATIONNAME = "Daniele Lanzetta";
				TargetAttributes = {
					64B99E90215AF0780040E12A = {
						CreatedOnToolsVersion = 9.4.1;
						SystemCapabilities = {
							com.apple.Keychain = {
								enabled = 1;
							};
						};
					};
				};
			};
			buildConfigurationList = 64B99E8C215AF0780040E12A /* Build configuration list for PBXProject "diis44" */;
			compatibilityVersion = "Xcode 9.3";
			developmentRegion = en;
			hasScannedForEncodings = 0;
			knownRegions = (
				en,
				Base,
			);
			mainGroup = 64B99E88215AF0780040E12A;
			productRefGroup = 64B99E92215AF0780040E12A /* Products */;
			projectDirPath = "";
			projectRoot = "";
			targets = (
				64B99E90215AF0780040E12A /* diis44 */,
			);
		};
/* End PBXProject section */

/* Begin PBXResourcesBuildPhase section */
		64B99E8F215AF0780040E12A /* Resources */ = {
			isa = PBXResourcesBuildPhase;
			buildActionMask = 2147483647;
			files = (
				64B99E9F215AF07E0040E12A /* LaunchScreen.storyboard in Resources */,
				64B99E9C215AF07E0040E12A /* Assets.xcassets in Resources */,
				64B99EA7215AF2770040E12A /* GoogleService-Info.plist in Resources */,
			);
			runOnlyForDeploymentPostprocessing = 0;
		};
/* End PBXResourcesBuildPhase section */

/* Begin PBXShellScriptBuildPhase section */
		3CBF3E811B425A6C73C78695 /* [CP] Check Pods Manifest.lock */ = {
			isa = PBXShellScriptBuildPhase;
			buildActionMask = 2147483647;
			files = (
			);
			inputPaths = (
				"${PODS_PODFILE_DIR_PATH}/Podfile.lock",
				"${PODS_ROOT}/Manifest.lock",
			);
			name = "[CP] Check Pods Manifest.lock";
			outputPaths = (
				"$(DERIVED_FILE_DIR)/Pods-diis44-checkManifestLockResult.txt",
			);
			runOnlyForDeploymentPostprocessing = 0;
			shellPath = /bin/sh;
			shellScript = "diff \"${PODS_PODFILE_DIR_PATH}/Podfile.lock\" \"${PODS_ROOT}/Manifest.lock\" > /dev/null\nif [ $? != 0 ] ; then\n    # print error to STDERR\n    echo \"error: The sandbox is not in sync with the Podfile.lock. Run 'pod install' or update your CocoaPods installation.\" >&2\n    exit 1\nfi\n# This output is used by Xcode 'outputs' to avoid re-running this script phase.\necho \"SUCCESS\" > \"${SCRIPT_OUTPUT_FILE_0}\"\n";
			showEnvVarsInLog = 0;
		};
		7487FDEE7832F8002383B439 /* [CP] Embed Pods Frameworks */ = {
			isa = PBXShellScriptBuildPhase;
			buildActionMask = 2147483647;
			files = (
			);
			inputPaths = (
				"${SRCROOT}/Pods/Target Support Files/Pods-diis44/Pods-diis44-frameworks.sh",
				"${BUILT_PRODUCTS_DIR}/AEXML/AEXML.framework",
				"${BUILT_PRODUCTS_DIR}/BoringSSL/openssl.framework",
				"${BUILT_PRODUCTS_DIR}/FolioReaderKit/FolioReaderKit.framework",
				"${BUILT_PRODUCTS_DIR}/FontBlaster/FontBlaster.framework",
				"${BUILT_PRODUCTS_DIR}/GTMSessionFetcher/GTMSessionFetcher.framework",
				"${BUILT_PRODUCTS_DIR}/GoogleUtilities/GoogleUtilities.framework",
				"${BUILT_PRODUCTS_DIR}/JSQWebViewController/JSQWebViewController.framework",
				"${BUILT_PRODUCTS_DIR}/MenuItemKit/MenuItemKit.framework",
				"${BUILT_PRODUCTS_DIR}/Protobuf/Protobuf.framework",
				"${BUILT_PRODUCTS_DIR}/ReadMoreTextView/ReadMoreTextView.framework",
				"${BUILT_PRODUCTS_DIR}/Realm/Realm.framework",
				"${BUILT_PRODUCTS_DIR}/RealmSwift/RealmSwift.framework",
				"${BUILT_PRODUCTS_DIR}/SSZipArchive/SSZipArchive.framework",
				"${BUILT_PRODUCTS_DIR}/SnapKit/SnapKit.framework",
				"${BUILT_PRODUCTS_DIR}/ZFDragableModalTransition/ZFDragableModalTransition.framework",
				"${BUILT_PRODUCTS_DIR}/gRPC/GRPCClient.framework",
				"${BUILT_PRODUCTS_DIR}/gRPC-Core/grpc.framework",
				"${BUILT_PRODUCTS_DIR}/gRPC-ProtoRPC/ProtoRPC.framework",
				"${BUILT_PRODUCTS_DIR}/gRPC-RxLibrary/RxLibrary.framework",
				"${BUILT_PRODUCTS_DIR}/leveldb-library/leveldb.framework",
				"${BUILT_PRODUCTS_DIR}/nanopb/nanopb.framework",
			);
			name = "[CP] Embed Pods Frameworks";
			outputPaths = (
				"${TARGET_BUILD_DIR}/${FRAMEWORKS_FOLDER_PATH}/AEXML.framework",
				"${TARGET_BUILD_DIR}/${FRAMEWORKS_FOLDER_PATH}/openssl.framework",
				"${TARGET_BUILD_DIR}/${FRAMEWORKS_FOLDER_PATH}/FolioReaderKit.framework",
				"${TARGET_BUILD_DIR}/${FRAMEWORKS_FOLDER_PATH}/FontBlaster.framework",
				"${TARGET_BUILD_DIR}/${FRAMEWORKS_FOLDER_PATH}/GTMSessionFetcher.framework",
				"${TARGET_BUILD_DIR}/${FRAMEWORKS_FOLDER_PATH}/GoogleUtilities.framework",
				"${TARGET_BUILD_DIR}/${FRAMEWORKS_FOLDER_PATH}/JSQWebViewController.framework",
				"${TARGET_BUILD_DIR}/${FRAMEWORKS_FOLDER_PATH}/MenuItemKit.framework",
				"${TARGET_BUILD_DIR}/${FRAMEWORKS_FOLDER_PATH}/Protobuf.framework",
				"${TARGET_BUILD_DIR}/${FRAMEWORKS_FOLDER_PATH}/ReadMoreTextView.framework",
				"${TARGET_BUILD_DIR}/${FRAMEWORKS_FOLDER_PATH}/Realm.framework",
				"${TARGET_BUILD_DIR}/${FRAMEWORKS_FOLDER_PATH}/RealmSwift.framework",
				"${TARGET_BUILD_DIR}/${FRAMEWORKS_FOLDER_PATH}/SSZipArchive.framework",
				"${TARGET_BUILD_DIR}/${FRAMEWORKS_FOLDER_PATH}/SnapKit.framework",
				"${TARGET_BUILD_DIR}/${FRAMEWORKS_FOLDER_PATH}/ZFDragableModalTransition.framework",
				"${TARGET_BUILD_DIR}/${FRAMEWORKS_FOLDER_PATH}/GRPCClient.framework",
				"${TARGET_BUILD_DIR}/${FRAMEWORKS_FOLDER_PATH}/grpc.framework",
				"${TARGET_BUILD_DIR}/${FRAMEWORKS_FOLDER_PATH}/ProtoRPC.framework",
				"${TARGET_BUILD_DIR}/${FRAMEWORKS_FOLDER_PATH}/RxLibrary.framework",
				"${TARGET_BUILD_DIR}/${FRAMEWORKS_FOLDER_PATH}/leveldb.framework",
				"${TARGET_BUILD_DIR}/${FRAMEWORKS_FOLDER_PATH}/nanopb.framework",
			);
			runOnlyForDeploymentPostprocessing = 0;
			shellPath = /bin/sh;
			shellScript = "\"${SRCROOT}/Pods/Target Support Files/Pods-diis44/Pods-diis44-frameworks.sh\"\n";
			showEnvVarsInLog = 0;
		};
/* End PBXShellScriptBuildPhase section */

/* Begin PBXSourcesBuildPhase section */
		64B99E8D215AF0780040E12A /* Sources */ = {
			isa = PBXSourcesBuildPhase;
			buildActionMask = 2147483647;
			files = (
				643B7254219F117500DF867F /* ReadingVC.swift in Sources */,
				64A1B2E1219CB6820095F6B3 /* popularStoriesCell.swift in Sources */,
				64B99EB6215C0B450040E12A /* CategoryVC.swift in Sources */,
				64B99E97215AF0780040E12A /* Discover.swift in Sources */,
				64B99EAC215BBC610040E12A /* TabBarController.swift in Sources */,
				643B724D219DB5A300DF867F /* fontSettingsView.swift in Sources */,
				64B99E95215AF0780040E12A /* AppDelegate.swift in Sources */,
				642BBAFF215CD7D2000F32F4 /* BookVC.swift in Sources */,
				6480AAA7215D070C00B2EF85 /* chapterCell.swift in Sources */,
				642BBAFD215C48F5000F32F4 /* bookCell.swift in Sources */,
				6480AAA9215D2D6900B2EF85 /* readerVC.swift in Sources */,
				643B7258219F306300DF867F /* Status.swift in Sources */,
				64B99EB1215BE79C0040E12A /* Structs.swift in Sources */,
				64B99EB4215BFD6B0040E12A /* picksCell.swift in Sources */,
				643B725C219F3D2200DF867F /* LoginVC.swift in Sources */,
				643B7252219F0C3A00DF867F /* popUpRegistrationVC.swift in Sources */,
				64B99EAA215BB78D0040E12A /* extensions.swift in Sources */,
				643B725A219F3A7200DF867F /* SignUpVC.swift in Sources */,
			);
			runOnlyForDeploymentPostprocessing = 0;
		};
/* End PBXSourcesBuildPhase section */

/* Begin PBXVariantGroup section */
		64B99E9D215AF07E0040E12A /* LaunchScreen.storyboard */ = {
			isa = PBXVariantGroup;
			children = (
				64B99E9E215AF07E0040E12A /* Base */,
			);
			name = LaunchScreen.storyboard;
			sourceTree = "<group>";
		};
/* End PBXVariantGroup section */

/* Begin XCBuildConfiguration section */
		64B99EA1215AF07E0040E12A /* Debug */ = {
			isa = XCBuildConfiguration;
			buildSettings = {
				ALWAYS_SEARCH_USER_PATHS = NO;
				CLANG_ANALYZER_NONNULL = YES;
				CLANG_ANALYZER_NUMBER_OBJECT_CONVERSION = YES_AGGRESSIVE;
				CLANG_CXX_LANGUAGE_STANDARD = "gnu++14";
				CLANG_CXX_LIBRARY = "libc++";
				CLANG_ENABLE_MODULES = YES;
				CLANG_ENABLE_OBJC_ARC = YES;
				CLANG_ENABLE_OBJC_WEAK = YES;
				CLANG_WARN_BLOCK_CAPTURE_AUTORELEASING = YES;
				CLANG_WARN_BOOL_CONVERSION = YES;
				CLANG_WARN_COMMA = YES;
				CLANG_WARN_CONSTANT_CONVERSION = YES;
				CLANG_WARN_DEPRECATED_OBJC_IMPLEMENTATIONS = YES;
				CLANG_WARN_DIRECT_OBJC_ISA_USAGE = YES_ERROR;
				CLANG_WARN_DOCUMENTATION_COMMENTS = YES;
				CLANG_WARN_EMPTY_BODY = YES;
				CLANG_WARN_ENUM_CONVERSION = YES;
				CLANG_WARN_INFINITE_RECURSION = YES;
				CLANG_WARN_INT_CONVERSION = YES;
				CLANG_WARN_NON_LITERAL_NULL_CONVERSION = YES;
				CLANG_WARN_OBJC_IMPLICIT_RETAIN_SELF = YES;
				CLANG_WARN_OBJC_LITERAL_CONVERSION = YES;
				CLANG_WARN_OBJC_ROOT_CLASS = YES_ERROR;
				CLANG_WARN_RANGE_LOOP_ANALYSIS = YES;
				CLANG_WARN_STRICT_PROTOTYPES = YES;
				CLANG_WARN_SUSPICIOUS_MOVE = YES;
				CLANG_WARN_UNGUARDED_AVAILABILITY = YES_AGGRESSIVE;
				CLANG_WARN_UNREACHABLE_CODE = YES;
				CLANG_WARN__DUPLICATE_METHOD_MATCH = YES;
				CODE_SIGN_IDENTITY = "iPhone Developer";
				COPY_PHASE_STRIP = NO;
				DEBUG_INFORMATION_FORMAT = dwarf;
				ENABLE_STRICT_OBJC_MSGSEND = YES;
				ENABLE_TESTABILITY = YES;
				GCC_C_LANGUAGE_STANDARD = gnu11;
				GCC_DYNAMIC_NO_PIC = NO;
				GCC_NO_COMMON_BLOCKS = YES;
				GCC_OPTIMIZATION_LEVEL = 0;
				GCC_PREPROCESSOR_DEFINITIONS = (
					"DEBUG=1",
					"$(inherited)",
				);
				GCC_WARN_64_TO_32_BIT_CONVERSION = YES;
				GCC_WARN_ABOUT_RETURN_TYPE = YES_ERROR;
				GCC_WARN_UNDECLARED_SELECTOR = YES;
				GCC_WARN_UNINITIALIZED_AUTOS = YES_AGGRESSIVE;
				GCC_WARN_UNUSED_FUNCTION = YES;
				GCC_WARN_UNUSED_VARIABLE = YES;
				IPHONEOS_DEPLOYMENT_TARGET = 11.4;
				MTL_ENABLE_DEBUG_INFO = YES;
				ONLY_ACTIVE_ARCH = YES;
				SDKROOT = iphoneos;
				SWIFT_ACTIVE_COMPILATION_CONDITIONS = DEBUG;
				SWIFT_OPTIMIZATION_LEVEL = "-Onone";
			};
			name = Debug;
		};
		64B99EA2215AF07E0040E12A /* Release */ = {
			isa = XCBuildConfiguration;
			buildSettings = {
				ALWAYS_SEARCH_USER_PATHS = NO;
				CLANG_ANALYZER_NONNULL = YES;
				CLANG_ANALYZER_NUMBER_OBJECT_CONVERSION = YES_AGGRESSIVE;
				CLANG_CXX_LANGUAGE_STANDARD = "gnu++14";
				CLANG_CXX_LIBRARY = "libc++";
				CLANG_ENABLE_MODULES = YES;
				CLANG_ENABLE_OBJC_ARC = YES;
				CLANG_ENABLE_OBJC_WEAK = YES;
				CLANG_WARN_BLOCK_CAPTURE_AUTORELEASING = YES;
				CLANG_WARN_BOOL_CONVERSION = YES;
				CLANG_WARN_COMMA = YES;
				CLANG_WARN_CONSTANT_CONVERSION = YES;
				CLANG_WARN_DEPRECATED_OBJC_IMPLEMENTATIONS = YES;
				CLANG_WARN_DIRECT_OBJC_ISA_USAGE = YES_ERROR;
				CLANG_WARN_DOCUMENTATION_COMMENTS = YES;
				CLANG_WARN_EMPTY_BODY = YES;
				CLANG_WARN_ENUM_CONVERSION = YES;
				CLANG_WARN_INFINITE_RECURSION = YES;
				CLANG_WARN_INT_CONVERSION = YES;
				CLANG_WARN_NON_LITERAL_NULL_CONVERSION = YES;
				CLANG_WARN_OBJC_IMPLICIT_RETAIN_SELF = YES;
				CLANG_WARN_OBJC_LITERAL_CONVERSION = YES;
				CLANG_WARN_OBJC_ROOT_CLASS = YES_ERROR;
				CLANG_WARN_RANGE_LOOP_ANALYSIS = YES;
				CLANG_WARN_STRICT_PROTOTYPES = YES;
				CLANG_WARN_SUSPICIOUS_MOVE = YES;
				CLANG_WARN_UNGUARDED_AVAILABILITY = YES_AGGRESSIVE;
				CLANG_WARN_UNREACHABLE_CODE = YES;
				CLANG_WARN__DUPLICATE_METHOD_MATCH = YES;
				CODE_SIGN_IDENTITY = "iPhone Developer";
				COPY_PHASE_STRIP = NO;
				DEBUG_INFORMATION_FORMAT = "dwarf-with-dsym";
				ENABLE_NS_ASSERTIONS = NO;
				ENABLE_STRICT_OBJC_MSGSEND = YES;
				GCC_C_LANGUAGE_STANDARD = gnu11;
				GCC_NO_COMMON_BLOCKS = YES;
				GCC_WARN_64_TO_32_BIT_CONVERSION = YES;
				GCC_WARN_ABOUT_RETURN_TYPE = YES_ERROR;
				GCC_WARN_UNDECLARED_SELECTOR = YES;
				GCC_WARN_UNINITIALIZED_AUTOS = YES_AGGRESSIVE;
				GCC_WARN_UNUSED_FUNCTION = YES;
				GCC_WARN_UNUSED_VARIABLE = YES;
				IPHONEOS_DEPLOYMENT_TARGET = 11.4;
				MTL_ENABLE_DEBUG_INFO = NO;
				SDKROOT = iphoneos;
				SWIFT_COMPILATION_MODE = wholemodule;
				SWIFT_OPTIMIZATION_LEVEL = "-O";
				VALIDATE_PRODUCT = YES;
			};
			name = Release;
		};
		64B99EA4215AF07E0040E12A /* Debug */ = {
			isa = XCBuildConfiguration;
			baseConfigurationReference = CF3404D7F63899B7AD8B382C /* Pods-diis44.debug.xcconfig */;
			buildSettings = {
				ASSETCATALOG_COMPILER_APPICON_NAME = AppIcon;
				CODE_SIGN_ENTITLEMENTS = diis44/diis44.entitlements;
				CODE_SIGN_STYLE = Automatic;
				DEVELOPMENT_TEAM = 4HPQKV33SX;
				INFOPLIST_FILE = diis44/Info.plist;
				LD_RUNPATH_SEARCH_PATHS = (
					"$(inherited)",
					"@executable_path/Frameworks",
				);
				PRODUCT_BUNDLE_IDENTIFIER = Diis.diis44;
				PRODUCT_NAME = "$(TARGET_NAME)";
				SWIFT_VERSION = 4.0;
				TARGETED_DEVICE_FAMILY = 1;
			};
			name = Debug;
		};
		64B99EA5215AF07E0040E12A /* Release */ = {
			isa = XCBuildConfiguration;
			baseConfigurationReference = 0886936400C234D20A013AE2 /* Pods-diis44.release.xcconfig */;
			buildSettings = {
				ASSETCATALOG_COMPILER_APPICON_NAME = AppIcon;
				CODE_SIGN_ENTITLEMENTS = diis44/diis44.entitlements;
				CODE_SIGN_STYLE = Automatic;
				DEVELOPMENT_TEAM = 4HPQKV33SX;
				INFOPLIST_FILE = diis44/Info.plist;
				LD_RUNPATH_SEARCH_PATHS = (
					"$(inherited)",
					"@executable_path/Frameworks",
				);
				PRODUCT_BUNDLE_IDENTIFIER = Diis.diis44;
				PRODUCT_NAME = "$(TARGET_NAME)";
				SWIFT_VERSION = 4.0;
				TARGETED_DEVICE_FAMILY = 1;
			};
			name = Release;
		};
/* End XCBuildConfiguration section */

/* Begin XCConfigurationList section */
		64B99E8C215AF0780040E12A /* Build configuration list for PBXProject "diis44" */ = {
			isa = XCConfigurationList;
			buildConfigurations = (
				64B99EA1215AF07E0040E12A /* Debug */,
				64B99EA2215AF07E0040E12A /* Release */,
			);
			defaultConfigurationIsVisible = 0;
			defaultConfigurationName = Release;
		};
		64B99EA3215AF07E0040E12A /* Build configuration list for PBXNativeTarget "diis44" */ = {
			isa = XCConfigurationList;
			buildConfigurations = (
				64B99EA4215AF07E0040E12A /* Debug */,
				64B99EA5215AF07E0040E12A /* Release */,
			);
			defaultConfigurationIsVisible = 0;
			defaultConfigurationName = Release;
		};
/* End XCConfigurationList section */
	};
	rootObject = 64B99E89215AF0780040E12A /* Project object */;
}
